{
  "name": "supertoon",
  "version": "1.1.0",
  "lockfileVersion": 3,
  "requires": true,
  "packages": {
    "": {
      "name": "supertoon",
      "version": "1.1.0",
      "license": "ISC",
      "dependencies": {
        "@toon-format/toon": "^2.0.0",
        "deep-cleaner": "^2.0.0-alpha.3",
        "lodash": "^4.17.21"
      }
    },
    "node_modules/@toon-format/toon": {
      "version": "2.0.0",
      "resolved": "https://registry.npmjs.org/@toon-format/toon/-/toon-2.0.0.tgz",
      "integrity": "sha512-7lIVGzCZ9MzKKcbWOumUO4CXB1owpAwDhvDzpjmyqT0B8l9fROMyEMeSubJrGc8y0IxpGZgwt/8PpCOVLiB7UA==",
      "license": "MIT"
    },
    "node_modules/deep-cleaner": {
      "version": "2.0.0-alpha.3",
      "resolved": "https://registry.npmjs.org/deep-cleaner/-/deep-cleaner-2.0.0-alpha.3.tgz",
      "integrity": "sha512-tLq5iQgMRMO41CEBzOwSCrAu75u521RrGM5rBvCYQ37jB/SV7Cgk+FmmnE55RYgev/rku7s3mrpZ3MADS7sUrg==",
      "license": "MIT",
      "dependencies": {
        "lodash": "^4.17.21",
        "type-fest": "^2.19.0"
      }
    },
    "node_modules/lodash": {
      "version": "4.17.21",
      "resolved": "https://registry.npmjs.org/lodash/-/lodash-4.17.21.tgz",
      "integrity": "sha512-v2kDEe57lecTulaDIuNTPy3Ry4gLGJ6Z1O3vE1krgXZNrsQ+LFTGHVxVjcXPs17LhbZVGedAJv8XZ1tvj5FvSg==",
      "license": "MIT"
    },
    "node_modules/type-fest": {
      "version": "2.19.0",
      "resolved": "https://registry.npmjs.org/type-fest/-/type-fest-2.19.0.tgz",
      "integrity": "sha512-RAH822pAdBgcNMAfWnCBU3CFZcfZ/i1eZjwFU/dsLKumyuuP3niueg2UAukXYF0E2AAoc82ZSSf9J0WQBinzHA==",
      "license": "(MIT OR CC0-1.0)",
      "engines": {
        "node": ">=12.20"
      },
      "funding": {
        "url": "https://github.com/sponsors/sindresorhus"
      }
    }
  }
}
